
Microsoft Visual Studio Solution File, Format Version 12.00
# Visual Studio 15
Project("{FAE04EC0-301F-11D3-BF4B-00C04F79EFBC}") = "SandulasWebApp", "SandulasWebApp.csproj", "{A947249D-60D0-4CB2-A853-0D125AA20810}"
EndProject
Global
	GlobalSection(SolutionConfigurationPlatforms) = preSolution
		Debug|Any CPU = Debug|Any CPU
		Release|Any CPU = Release|Any CPU
	EndGlobalSection
	GlobalSection(ProjectConfigurationPlatforms) = postSolution
		{A947249D-60D0-4CB2-A853-0D125AA20810}.Debug|Any CPU.ActiveCfg = Debug|Any CPU
		{A947249D-60D0-4CB2-A853-0D125AA20810}.Debug|Any CPU.Build.0 = Debug|Any CPU
		{A947249D-60D0-4CB2-A853-0D125AA20810}.Release|Any CPU.ActiveCfg = Release|Any CPU
		{A947249D-60D0-4CB2-A853-0D125AA20810}.Release|Any CPU.Build.0 = Release|Any CPU
	EndGlobalSection
EndGlobal
